
Microsoft Visual Studio Solution File, Format Version 12.00
# Visual Studio Version 16
VisualStudioVersion = 16.0.29306.81
MinimumVisualStudioVersion = 10.0.40219.1
Project("{FAE04EC0-301F-11D3-BF4B-00C04F79EFBC}") = "TestLibrary", "TestLibrary\TestLibrary.csproj", "{243AB324-B606-4D3A-8F8A-E5883A80B44D}"
EndProject
Global
	GlobalSection(SolutionConfigurationPlatforms) = preSolution
		Debug|Any CPU = Debug|Any CPU
		Release|Any CPU = Release|Any CPU
	EndGlobalSection
	GlobalSection(ProjectConfigurationPlatforms) = postSolution
		{243AB324-B606-4D3A-8F8A-E5883A80B44D}.Debug|Any CPU.ActiveCfg = Debug|Any CPU
		{243AB324-B606-4D3A-8F8A-E5883A80B44D}.Debug|Any CPU.Build.0 = Debug|Any CPU
		{243AB324-B606-4D3A-8F8A-E5883A80B44D}.Release|Any CPU.ActiveCfg = Release|Any CPU
		{243AB324-B606-4D3A-8F8A-E5883A80B44D}.Release|Any CPU.Build.0 = Release|Any CPU
	EndGlobalSection
	GlobalSection(SolutionProperties) = preSolution
		HideSolutionNode = FALSE
	EndGlobalSection
	GlobalSection(ExtensibilityGlobals) = postSolution
		SolutionGuid = {27C5E3BE-B53D-4AEE-BB57-C1DC8621A461}
	EndGlobalSection
EndGlobal
